{
  "name": "markupeditor",
  "version": "0.8.1",
  "lockfileVersion": 3,
  "requires": true,
  "packages": {
    "": {
      "name": "markupeditor",
      "version": "0.8.1",
      "license": "MIT",
      "devDependencies": {
        "markupeditor-base": "file:../../../VSCodeProjects/markupeditor-base"
      }
    },
    "../../../VSCodeProjects/markupeditor-base": {
      "version": "0.8.1",
      "dev": true,
      "license": "MIT",
      "dependencies": {
        "crelt": "^1.0.6",
        "prosemirror-commands": "^1.0.0",
        "prosemirror-dropcursor": "^1.8.1",
        "prosemirror-gapcursor": "^1.3.2",
        "prosemirror-history": "^1.2.2",
        "prosemirror-inputrules": "^1.4.0",
        "prosemirror-model": "^1.23.0",
        "prosemirror-schema-basic": "^1.2.3",
        "prosemirror-schema-list": "^1.4.1",
        "prosemirror-search": "^1.0.0",
        "prosemirror-state": "^1.4.3",
        "prosemirror-tables": "^1.6.1",
        "prosemirror-view": "^1.34.3"
      },
      "devDependencies": {
        "@rollup/plugin-commonjs": "^28.0.2",
        "@rollup/plugin-node-resolve": "^16.0.0",
        "express": "^5.1.0",
        "rollup": "^4.31.0",
        "rollup-plugin-import-css": "4.0.1"
      }
    },
    "node_modules/markupeditor-base": {
      "resolved": "../../../VSCodeProjects/markupeditor-base",
      "link": true
    }
  }
}
