{
  "name": "markupeditor",
  "version": "0.8.6",
  "lockfileVersion": 3,
  "requires": true,
  "packages": {
    "": {
      "name": "markupeditor",
      "version": "0.8.6",
      "license": "MIT",
      "devDependencies": {
        "markupeditor": "file:../../../VSCodeProjects/markupeditor-base"
      }
    },
    "../../../VSCodeProjects/markupeditor-base": {
      "name": "markupeditor",
      "version": "0.9.5",
      "dev": true,
      "license": "MIT",
      "dependencies": {
        "crelt": "^1.0.6",
        "express": "^5.1.0",
        "prosemirror-commands": "^1.0.0",
        "prosemirror-dropcursor": "^1.8.1",
        "prosemirror-gapcursor": "^1.3.2",
        "prosemirror-history": "^1.2.2",
        "prosemirror-inputrules": "^1.4.0",
        "prosemirror-model": "^1.23.0",
        "prosemirror-schema-basic": "^1.2.3",
        "prosemirror-schema-list": "^1.4.1",
        "prosemirror-search": "^1.0.0",
        "prosemirror-state": "^1.4.3",
        "prosemirror-tables": "^1.6.1",
        "prosemirror-transform": "^1.10.4",
        "prosemirror-view": "^1.34.3"
      },
      "bin": {
        "muedit": "bin/muedit.js"
      },
      "devDependencies": {
        "@custom-elements-manifest/analyzer": "^0.11.0",
        "@eslint/js": "^9.35.0",
        "@rollup/plugin-node-resolve": "^16.0.0",
        "eslint": "^9.35.0",
        "jsdoc": "^4.0.5",
        "jsdom": "^27.0.1",
        "modern-jsdoc-template": "^1.0.0",
        "rollup": "^4.31.0",
        "rollup-plugin-import-css": "4.0.1",
        "vitest": "^3.2.4"
      }
    },
    "node_modules/markupeditor": {
      "resolved": "../../../VSCodeProjects/markupeditor-base",
      "link": true
    }
  }
}
