{
  "object": {
    "pins": [
      {
        "package": "MarkupEditor",
        "repositoryURL": "https://github.com/stevengharris/MarkupEditor.git",
        "state": {
          "branch": null,
          "revision": "4d4fc1b896654ca9eadffd311cfa631276f92061",
          "version": "0.1.2"
        }
      }
    ]
  },
  "version": 1
}
